
Microsoft Visual Studio Solution File, Format Version 12.00
# Visual Studio 14
VisualStudioVersion = 14.0.25420.1
MinimumVisualStudioVersion = 10.0.40219.1
Project("{FAE04EC0-301F-11D3-BF4B-00C04F79EFBC}") = "Xb.FW45", "Xb\Xb.FW45.csproj", "{5FF48627-2281-46AF-9F66-E5AE56DF0CAE}"
EndProject
Project("{FAE04EC0-301F-11D3-BF4B-00C04F79EFBC}") = "TestsXb", "TestsXb\TestsXb.csproj", "{A231F639-08C3-4200-AC51-D6015A30769B}"
EndProject
Global
	GlobalSection(SolutionConfigurationPlatforms) = preSolution
		Debug|Any CPU = Debug|Any CPU
		Release|Any CPU = Release|Any CPU
	EndGlobalSection
	GlobalSection(ProjectConfigurationPlatforms) = postSolution
		{5FF48627-2281-46AF-9F66-E5AE56DF0CAE}.Debug|Any CPU.ActiveCfg = Debug|Any CPU
		{5FF48627-2281-46AF-9F66-E5AE56DF0CAE}.Debug|Any CPU.Build.0 = Debug|Any CPU
		{5FF48627-2281-46AF-9F66-E5AE56DF0CAE}.Release|Any CPU.ActiveCfg = Release|Any CPU
		{5FF48627-2281-46AF-9F66-E5AE56DF0CAE}.Release|Any CPU.Build.0 = Release|Any CPU
		{A231F639-08C3-4200-AC51-D6015A30769B}.Debug|Any CPU.ActiveCfg = Debug|Any CPU
		{A231F639-08C3-4200-AC51-D6015A30769B}.Debug|Any CPU.Build.0 = Debug|Any CPU
		{A231F639-08C3-4200-AC51-D6015A30769B}.Release|Any CPU.ActiveCfg = Release|Any CPU
		{A231F639-08C3-4200-AC51-D6015A30769B}.Release|Any CPU.Build.0 = Release|Any CPU
	EndGlobalSection
	GlobalSection(SolutionProperties) = preSolution
		HideSolutionNode = FALSE
	EndGlobalSection
EndGlobal
